
Microsoft Visual Studio Solution File, Format Version 12.00
# Visual Studio Version 16
VisualStudioVersion = 16.0.30517.126
MinimumVisualStudioVersion = 10.0.40219.1
Project("{FAE04EC0-301F-11D3-BF4B-00C04F79EFBC}") = "ArduinoTemperaturaFormG3-2020-II", "ArduinoTemperaturaFormG3-2020-II.csproj", "{E3C0696F-72AA-41FF-AE1F-6E259C4DB92E}"
EndProject
Global
	GlobalSection(SolutionConfigurationPlatforms) = preSolution
		Debug|Any CPU = Debug|Any CPU
		Release|Any CPU = Release|Any CPU
	EndGlobalSection
	GlobalSection(ProjectConfigurationPlatforms) = postSolution
		{E3C0696F-72AA-41FF-AE1F-6E259C4DB92E}.Debug|Any CPU.ActiveCfg = Debug|Any CPU
		{E3C0696F-72AA-41FF-AE1F-6E259C4DB92E}.Debug|Any CPU.Build.0 = Debug|Any CPU
		{E3C0696F-72AA-41FF-AE1F-6E259C4DB92E}.Release|Any CPU.ActiveCfg = Release|Any CPU
		{E3C0696F-72AA-41FF-AE1F-6E259C4DB92E}.Release|Any CPU.Build.0 = Release|Any CPU
	EndGlobalSection
	GlobalSection(SolutionProperties) = preSolution
		HideSolutionNode = FALSE
	EndGlobalSection
	GlobalSection(ExtensibilityGlobals) = postSolution
		SolutionGuid = {787BC687-9226-4960-A703-D32228E2DB1A}
	EndGlobalSection
EndGlobal
